
Microsoft Visual Studio Solution File, Format Version 12.00
# Visual Studio Version 17
VisualStudioVersion = 17.0.32014.148
MinimumVisualStudioVersion = 10.0.40219.1
Project("{FAE04EC0-301F-11D3-BF4B-00C04F79EFBC}") = "WindowsForms Text Chat", "WindowsForms Text Chat\WindowsForms Text Chat.csproj", "{06AB9753-2833-4666-9A08-57E4F364CC01}"
EndProject
Global
	GlobalSection(SolutionConfigurationPlatforms) = preSolution
		Debug|Any CPU = Debug|Any CPU
		Release|Any CPU = Release|Any CPU
	EndGlobalSection
	GlobalSection(ProjectConfigurationPlatforms) = postSolution
		{06AB9753-2833-4666-9A08-57E4F364CC01}.Debug|Any CPU.ActiveCfg = Debug|Any CPU
		{06AB9753-2833-4666-9A08-57E4F364CC01}.Debug|Any CPU.Build.0 = Debug|Any CPU
		{06AB9753-2833-4666-9A08-57E4F364CC01}.Release|Any CPU.ActiveCfg = Release|Any CPU
		{06AB9753-2833-4666-9A08-57E4F364CC01}.Release|Any CPU.Build.0 = Release|Any CPU
	EndGlobalSection
	GlobalSection(SolutionProperties) = preSolution
		HideSolutionNode = FALSE
	EndGlobalSection
	GlobalSection(ExtensibilityGlobals) = postSolution
		SolutionGuid = {64695C25-ACD7-4FEB-A15A-7A28A524D7FC}
	EndGlobalSection
EndGlobal
